
Microsoft Visual Studio Solution File, Format Version 12.00
# Visual Studio 15
VisualStudioVersion = 15.0.28307.1209
MinimumVisualStudioVersion = 10.0.40219.1
Project("{8BC9CEB8-8B4A-11D0-8D11-00A0C91BC942}") = "TicTacToe", "TicTacToe\TicTacToe.vcxproj", "{E84E2BD7-611A-4952-B4F2-5B1676195A73}"
EndProject
Project("{8BC9CEB8-8B4A-11D0-8D11-00A0C91BC942}") = "UTTTServer", "UTTTServer\UTTTServer.vcxproj", "{05761F47-B060-411D-BCA7-BC37B39F174D}"
EndProject
Global
	GlobalSection(SolutionConfigurationPlatforms) = preSolution
		Debug|x64 = Debug|x64
		Debug|x86 = Debug|x86
		Release|x64 = Release|x64
		Release|x86 = Release|x86
	EndGlobalSection
	GlobalSection(ProjectConfigurationPlatforms) = postSolution
		{E84E2BD7-611A-4952-B4F2-5B1676195A73}.Debug|x64.ActiveCfg = Debug|x64
		{E84E2BD7-611A-4952-B4F2-5B1676195A73}.Debug|x64.Build.0 = Debug|x64
		{E84E2BD7-611A-4952-B4F2-5B1676195A73}.Debug|x86.ActiveCfg = Debug|Win32
		{E84E2BD7-611A-4952-B4F2-5B1676195A73}.Debug|x86.Build.0 = Debug|Win32
		{E84E2BD7-611A-4952-B4F2-5B1676195A73}.Release|x64.ActiveCfg = Release|x64
		{E84E2BD7-611A-4952-B4F2-5B1676195A73}.Release|x64.Build.0 = Release|x64
		{E84E2BD7-611A-4952-B4F2-5B1676195A73}.Release|x86.ActiveCfg = Release|Win32
		{E84E2BD7-611A-4952-B4F2-5B1676195A73}.Release|x86.Build.0 = Release|Win32
		{05761F47-B060-411D-BCA7-BC37B39F174D}.Debug|x64.ActiveCfg = Debug|x64
		{05761F47-B060-411D-BCA7-BC37B39F174D}.Debug|x64.Build.0 = Debug|x64
		{05761F47-B060-411D-BCA7-BC37B39F174D}.Debug|x86.ActiveCfg = Debug|Win32
		{05761F47-B060-411D-BCA7-BC37B39F174D}.Debug|x86.Build.0 = Debug|Win32
		{05761F47-B060-411D-BCA7-BC37B39F174D}.Release|x64.ActiveCfg = Release|x64
		{05761F47-B060-411D-BCA7-BC37B39F174D}.Release|x64.Build.0 = Release|x64
		{05761F47-B060-411D-BCA7-BC37B39F174D}.Release|x86.ActiveCfg = Release|Win32
		{05761F47-B060-411D-BCA7-BC37B39F174D}.Release|x86.Build.0 = Release|Win32
	EndGlobalSection
	GlobalSection(SolutionProperties) = preSolution
		HideSolutionNode = FALSE
	EndGlobalSection
	GlobalSection(ExtensibilityGlobals) = postSolution
		SolutionGuid = {A4FA0654-5463-4430-81E7-1FDBE09BE073}
	EndGlobalSection
EndGlobal
